// !$*UTF8*$!
{
	archiveVersion = 1;
	classes = {
	};
	objectVersion = 46;
	objects = {

/* Begin PBXBuildFile section */
		566556E11E6CAEE1009DC99A /* TMDListing.m in Sources */ = {isa = PBXBuildFile; fileRef = 566556E01E6CAEE1009DC99A /* TMDListing.m */; };
		566556E41E6CC9E5009DC99A /* TMDSearchResult.m in Sources */ = {isa = PBXBuildFile; fileRef = 566556E31E6CC9E5009DC99A /* TMDSearchResult.m */; };
		566556E71E6CD5A0009DC99A /* TMDListingTableViewCell.m in Sources */ = {isa = PBXBuildFile; fileRef = 566556E61E6CD5A0009DC99A /* TMDListingTableViewCell.m */; };
		566556EA1E6D1888009DC99A /* TMDLisingDetailTableViewController.m in Sources */ = {isa = PBXBuildFile; fileRef = 566556E91E6D1888009DC99A /* TMDLisingDetailTableViewController.m */; };
		566556EE1E6D1AED009DC99A /* TMDListingDetailImageCell.m in Sources */ = {isa = PBXBuildFile; fileRef = 566556ED1E6D1AED009DC99A /* TMDListingDetailImageCell.m */; };
		566556F11E6D1CE5009DC99A /* TMDListedItemDetail.m in Sources */ = {isa = PBXBuildFile; fileRef = 566556F01E6D1CE5009DC99A /* TMDListedItemDetail.m */; };
		566F02AF1E6AC420009554E8 /* TMDDataStore.m in Sources */ = {isa = PBXBuildFile; fileRef = 566F02AE1E6AC420009554E8 /* TMDDataStore.m */; };
		566F02B21E6B4546009554E8 /* TMDNetworkService.m in Sources */ = {isa = PBXBuildFile; fileRef = 566F02B11E6B4546009554E8 /* TMDNetworkService.m */; };
		56724DAB1E6B62A9007F6C57 /* NSDictionary+SafeConvert.m in Sources */ = {isa = PBXBuildFile; fileRef = 56724DAA1E6B62A9007F6C57 /* NSDictionary+SafeConvert.m */; };
		56724DAE1E6B6304007F6C57 /* TMDCategory.m in Sources */ = {isa = PBXBuildFile; fileRef = 56724DAD1E6B6304007F6C57 /* TMDCategory.m */; };
		56724DFC1E6B951A007F6C57 /* TMDCategoryTableViewController.m in Sources */ = {isa = PBXBuildFile; fileRef = 56724DFB1E6B951A007F6C57 /* TMDCategoryTableViewController.m */; };
		56724DFF1E6B956C007F6C57 /* TMDListingTableViewController.m in Sources */ = {isa = PBXBuildFile; fileRef = 56724DFE1E6B956C007F6C57 /* TMDListingTableViewController.m */; };
		56724E081E6BEEF4007F6C57 /* TMDCategoryTableViewCell.m in Sources */ = {isa = PBXBuildFile; fileRef = 56724E071E6BEEF4007F6C57 /* TMDCategoryTableViewCell.m */; };
		56B360481E6A7C86004E0126 /* main.m in Sources */ = {isa = PBXBuildFile; fileRef = 56B360471E6A7C86004E0126 /* main.m */; };
		56B3604B1E6A7C86004E0126 /* AppDelegate.m in Sources */ = {isa = PBXBuildFile; fileRef = 56B3604A1E6A7C86004E0126 /* AppDelegate.m */; };
		56B360511E6A7C86004E0126 /* Main.storyboard in Resources */ = {isa = PBXBuildFile; fileRef = 56B3604F1E6A7C86004E0126 /* Main.storyboard */; };
		56B360531E6A7C86004E0126 /* Assets.xcassets in Resources */ = {isa = PBXBuildFile; fileRef = 56B360521E6A7C86004E0126 /* Assets.xcassets */; };
		56B360561E6A7C86004E0126 /* LaunchScreen.storyboard in Resources */ = {isa = PBXBuildFile; fileRef = 56B360541E6A7C86004E0126 /* LaunchScreen.storyboard */; };
		56B360611E6A7C86004E0126 /* TradeMeDisplayTests.m in Sources */ = {isa = PBXBuildFile; fileRef = 56B360601E6A7C86004E0126 /* TradeMeDisplayTests.m */; };
		56B3606C1E6A7C86004E0126 /* TradeMeDisplayUITests.m in Sources */ = {isa = PBXBuildFile; fileRef = 56B3606B1E6A7C86004E0126 /* TradeMeDisplayUITests.m */; };
		FD5E01793F3D41B9B8752B09 /* libPods-TradeMeDisplay.a in Frameworks */ = {isa = PBXBuildFile; fileRef = 8EC811FEC19533C52F1FA1E2 /* libPods-TradeMeDisplay.a */; };
/* End PBXBuildFile section */

/* Begin PBXContainerItemProxy section */
		56B3605D1E6A7C86004E0126 /* PBXContainerItemProxy */ = {
			isa = PBXContainerItemProxy;
			containerPortal = 56B3603B1E6A7C86004E0126 /* Project object */;
			proxyType = 1;
			remoteGlobalIDString = 56B360421E6A7C86004E0126;
			remoteInfo = TradeMeDisplay;
		};
		56B360681E6A7C86004E0126 /* PBXContainerItemProxy */ = {
			isa = PBXContainerItemProxy;
			containerPortal = 56B3603B1E6A7C86004E0126 /* Project object */;
			proxyType = 1;
			remoteGlobalIDString = 56B360421E6A7C86004E0126;
			remoteInfo = TradeMeDisplay;
		};
/* End PBXContainerItemProxy section */

/* Begin PBXFileReference section */
		566556DF1E6CAEE1009DC99A /* TMDListing.h */ = {isa = PBXFileReference; fileEncoding = 4; lastKnownFileType = sourcecode.c.h; path = TMDListing.h; sourceTree = "<group>"; };
		566556E01E6CAEE1009DC99A /* TMDListing.m */ = {isa = PBXFileReference; fileEncoding = 4; lastKnownFileType = sourcecode.c.objc; path = TMDListing.m; sourceTree = "<group>"; };
		566556E21E6CC9E5009DC99A /* TMDSearchResult.h */ = {isa = PBXFileReference; fileEncoding = 4; lastKnownFileType = sourcecode.c.h; path = TMDSearchResult.h; sourceTree = "<group>"; };
		566556E31E6CC9E5009DC99A /* TMDSearchResult.m */ = {isa = PBXFileReference; fileEncoding = 4; lastKnownFileType = sourcecode.c.objc; path = TMDSearchResult.m; sourceTree = "<group>"; };
		566556E51E6CD5A0009DC99A /* TMDListingTableViewCell.h */ = {isa = PBXFileReference; fileEncoding = 4; lastKnownFileType = sourcecode.c.h; path = TMDListingTableViewCell.h; sourceTree = "<group>"; };
		566556E61E6CD5A0009DC99A /* TMDListingTableViewCell.m */ = {isa = PBXFileReference; fileEncoding = 4; lastKnownFileType = sourcecode.c.objc; path = TMDListingTableViewCell.m; sourceTree = "<group>"; };
		566556E81E6D1888009DC99A /* TMDLisingDetailTableViewController.h */ = {isa = PBXFileReference; fileEncoding = 4; lastKnownFileType = sourcecode.c.h; path = TMDLisingDetailTableViewController.h; sourceTree = "<group>"; };
		566556E91E6D1888009DC99A /* TMDLisingDetailTableViewController.m */ = {isa = PBXFileReference; fileEncoding = 4; lastKnownFileType = sourcecode.c.objc; path = TMDLisingDetailTableViewController.m; sourceTree = "<group>"; };
		566556EC1E6D1AED009DC99A /* TMDListingDetailImageCell.h */ = {isa = PBXFileReference; fileEncoding = 4; lastKnownFileType = sourcecode.c.h; path = TMDListingDetailImageCell.h; sourceTree = "<group>"; };
		566556ED1E6D1AED009DC99A /* TMDListingDetailImageCell.m */ = {isa = PBXFileReference; fileEncoding = 4; lastKnownFileType = sourcecode.c.objc; path = TMDListingDetailImageCell.m; sourceTree = "<group>"; };
		566556EF1E6D1CE5009DC99A /* TMDListedItemDetail.h */ = {isa = PBXFileReference; fileEncoding = 4; lastKnownFileType = sourcecode.c.h; path = TMDListedItemDetail.h; sourceTree = "<group>"; };
		566556F01E6D1CE5009DC99A /* TMDListedItemDetail.m */ = {isa = PBXFileReference; fileEncoding = 4; lastKnownFileType = sourcecode.c.objc; path = TMDListedItemDetail.m; sourceTree = "<group>"; };
		566F02AD1E6AC420009554E8 /* TMDDataStore.h */ = {isa = PBXFileReference; fileEncoding = 4; lastKnownFileType = sourcecode.c.h; path = TMDDataStore.h; sourceTree = "<group>"; };
		566F02AE1E6AC420009554E8 /* TMDDataStore.m */ = {isa = PBXFileReference; fileEncoding = 4; lastKnownFileType = sourcecode.c.objc; path = TMDDataStore.m; sourceTree = "<group>"; };
		566F02B01E6B4546009554E8 /* TMDNetworkService.h */ = {isa = PBXFileReference; fileEncoding = 4; lastKnownFileType = sourcecode.c.h; path = TMDNetworkService.h; sourceTree = "<group>"; };
		566F02B11E6B4546009554E8 /* TMDNetworkService.m */ = {isa = PBXFileReference; fileEncoding = 4; lastKnownFileType = sourcecode.c.objc; path = TMDNetworkService.m; sourceTree = "<group>"; };
		56724DA91E6B62A9007F6C57 /* NSDictionary+SafeConvert.h */ = {isa = PBXFileReference; fileEncoding = 4; lastKnownFileType = sourcecode.c.h; path = "NSDictionary+SafeConvert.h"; sourceTree = "<group>"; };
		56724DAA1E6B62A9007F6C57 /* NSDictionary+SafeConvert.m */ = {isa = PBXFileReference; fileEncoding = 4; lastKnownFileType = sourcecode.c.objc; path = "NSDictionary+SafeConvert.m"; sourceTree = "<group>"; };
		56724DAC1E6B6304007F6C57 /* TMDCategory.h */ = {isa = PBXFileReference; fileEncoding = 4; lastKnownFileType = sourcecode.c.h; path = TMDCategory.h; sourceTree = "<group>"; };
		56724DAD1E6B6304007F6C57 /* TMDCategory.m */ = {isa = PBXFileReference; fileEncoding = 4; lastKnownFileType = sourcecode.c.objc; path = TMDCategory.m; sourceTree = "<group>"; };
		56724DFA1E6B951A007F6C57 /* TMDCategoryTableViewController.h */ = {isa = PBXFileReference; fileEncoding = 4; lastKnownFileType = sourcecode.c.h; path = TMDCategoryTableViewController.h; sourceTree = "<group>"; };
		56724DFB1E6B951A007F6C57 /* TMDCategoryTableViewController.m */ = {isa = PBXFileReference; fileEncoding = 4; lastKnownFileType = sourcecode.c.objc; path = TMDCategoryTableViewController.m; sourceTree = "<group>"; };
		56724DFD1E6B956C007F6C57 /* TMDListingTableViewController.h */ = {isa = PBXFileReference; fileEncoding = 4; lastKnownFileType = sourcecode.c.h; path = TMDListingTableViewController.h; sourceTree = "<group>"; };
		56724DFE1E6B956C007F6C57 /* TMDListingTableViewController.m */ = {isa = PBXFileReference; fileEncoding = 4; lastKnownFileType = sourcecode.c.objc; path = TMDListingTableViewController.m; sourceTree = "<group>"; };
		56724E061E6BEEF4007F6C57 /* TMDCategoryTableViewCell.h */ = {isa = PBXFileReference; fileEncoding = 4; lastKnownFileType = sourcecode.c.h; path = TMDCategoryTableViewCell.h; sourceTree = "<group>"; };
		56724E071E6BEEF4007F6C57 /* TMDCategoryTableViewCell.m */ = {isa = PBXFileReference; fileEncoding = 4; lastKnownFileType = sourcecode.c.objc; path = TMDCategoryTableViewCell.m; sourceTree = "<group>"; };
		56B360431E6A7C86004E0126 /* TradeMeDisplay.app */ = {isa = PBXFileReference; explicitFileType = wrapper.application; includeInIndex = 0; path = TradeMeDisplay.app; sourceTree = BUILT_PRODUCTS_DIR; };
		56B360471E6A7C86004E0126 /* main.m */ = {isa = PBXFileReference; lastKnownFileType = sourcecode.c.objc; path = main.m; sourceTree = "<group>"; };
		56B360491E6A7C86004E0126 /* AppDelegate.h */ = {isa = PBXFileReference; lastKnownFileType = sourcecode.c.h; path = AppDelegate.h; sourceTree = "<group>"; };
		56B3604A1E6A7C86004E0126 /* AppDelegate.m */ = {isa = PBXFileReference; lastKnownFileType = sourcecode.c.objc; path = AppDelegate.m; sourceTree = "<group>"; };
		56B360501E6A7C86004E0126 /* Base */ = {isa = PBXFileReference; lastKnownFileType = file.storyboard; name = Base; path = Base.lproj/Main.storyboard; sourceTree = "<group>"; };
		56B360521E6A7C86004E0126 /* Assets.xcassets */ = {isa = PBXFileReference; lastKnownFileType = folder.assetcatalog; path = Assets.xcassets; sourceTree = "<group>"; };
		56B360551E6A7C86004E0126 /* Base */ = {isa = PBXFileReference; lastKnownFileType = file.storyboard; name = Base; path = Base.lproj/LaunchScreen.storyboard; sourceTree = "<group>"; };
		56B360571E6A7C86004E0126 /* Info.plist */ = {isa = PBXFileReference; lastKnownFileType = text.plist.xml; path = Info.plist; sourceTree = "<group>"; };
		56B3605C1E6A7C86004E0126 /* TradeMeDisplayTests.xctest */ = {isa = PBXFileReference; explicitFileType = wrapper.cfbundle; includeInIndex = 0; path = TradeMeDisplayTests.xctest; sourceTree = BUILT_PRODUCTS_DIR; };
		56B360601E6A7C86004E0126 /* TradeMeDisplayTests.m */ = {isa = PBXFileReference; lastKnownFileType = sourcecode.c.objc; path = TradeMeDisplayTests.m; sourceTree = "<group>"; };
		56B360621E6A7C86004E0126 /* Info.plist */ = {isa = PBXFileReference; lastKnownFileType = text.plist.xml; path = Info.plist; sourceTree = "<group>"; };
		56B360671E6A7C86004E0126 /* TradeMeDisplayUITests.xctest */ = {isa = PBXFileReference; explicitFileType = wrapper.cfbundle; includeInIndex = 0; path = TradeMeDisplayUITests.xctest; sourceTree = BUILT_PRODUCTS_DIR; };
		56B3606B1E6A7C86004E0126 /* TradeMeDisplayUITests.m */ = {isa = PBXFileReference; lastKnownFileType = sourcecode.c.objc; path = TradeMeDisplayUITests.m; sourceTree = "<group>"; };
		56B3606D1E6A7C86004E0126 /* Info.plist */ = {isa = PBXFileReference; lastKnownFileType = text.plist.xml; path = Info.plist; sourceTree = "<group>"; };
		8EC811FEC19533C52F1FA1E2 /* libPods-TradeMeDisplay.a */ = {isa = PBXFileReference; explicitFileType = archive.ar; includeInIndex = 0; path = "libPods-TradeMeDisplay.a"; sourceTree = BUILT_PRODUCTS_DIR; };
		9E06F3CB9DD52A1103052609 /* Pods-TradeMeDisplay.debug.xcconfig */ = {isa = PBXFileReference; includeInIndex = 1; lastKnownFileType = text.xcconfig; name = "Pods-TradeMeDisplay.debug.xcconfig"; path = "Pods/Target Support Files/Pods-TradeMeDisplay/Pods-TradeMeDisplay.debug.xcconfig"; sourceTree = "<group>"; };
		CD22BCC329CEA658FA73B938 /* Pods-TradeMeDisplay.release.xcconfig */ = {isa = PBXFileReference; includeInIndex = 1; lastKnownFileType = text.xcconfig; name = "Pods-TradeMeDisplay.release.xcconfig"; path = "Pods/Target Support Files/Pods-TradeMeDisplay/Pods-TradeMeDisplay.release.xcconfig"; sourceTree = "<group>"; };
/* End PBXFileReference section */

/* Begin PBXFrameworksBuildPhase section */
		56B360401E6A7C86004E0126 /* Frameworks */ = {
			isa = PBXFrameworksBuildPhase;
			buildActionMask = 2147483647;
			files = (
				FD5E01793F3D41B9B8752B09 /* libPods-TradeMeDisplay.a in Frameworks */,
			);
			runOnlyForDeploymentPostprocessing = 0;
		};
		56B360591E6A7C86004E0126 /* Frameworks */ = {
			isa = PBXFrameworksBuildPhase;
			buildActionMask = 2147483647;
			files = (
			);
			runOnlyForDeploymentPostprocessing = 0;
		};
		56B360641E6A7C86004E0126 /* Frameworks */ = {
			isa = PBXFrameworksBuildPhase;
			buildActionMask = 2147483647;
			files = (
			);
			runOnlyForDeploymentPostprocessing = 0;
		};
/* End PBXFrameworksBuildPhase section */

/* Begin PBXGroup section */
		446290CB377B7AA6EEBFA469 /* Frameworks */ = {
			isa = PBXGroup;
			children = (
				8EC811FEC19533C52F1FA1E2 /* libPods-TradeMeDisplay.a */,
			);
			name = Frameworks;
			sourceTree = "<group>";
		};
		566556EB1E6D188F009DC99A /* ListingDetailViewController */ = {
			isa = PBXGroup;
			children = (
				566556E81E6D1888009DC99A /* TMDLisingDetailTableViewController.h */,
				566556E91E6D1888009DC99A /* TMDLisingDetailTableViewController.m */,
				566556EC1E6D1AED009DC99A /* TMDListingDetailImageCell.h */,
				566556ED1E6D1AED009DC99A /* TMDListingDetailImageCell.m */,
			);
			name = ListingDetailViewController;
			sourceTree = "<group>";
		};
		56724E001E6B967D007F6C57 /* Models */ = {
			isa = PBXGroup;
			children = (
				56724DAC1E6B6304007F6C57 /* TMDCategory.h */,
				56724DAD1E6B6304007F6C57 /* TMDCategory.m */,
				566556E21E6CC9E5009DC99A /* TMDSearchResult.h */,
				566556E31E6CC9E5009DC99A /* TMDSearchResult.m */,
				566556DF1E6CAEE1009DC99A /* TMDListing.h */,
				566556E01E6CAEE1009DC99A /* TMDListing.m */,
				566556EF1E6D1CE5009DC99A /* TMDListedItemDetail.h */,
				566556F01E6D1CE5009DC99A /* TMDListedItemDetail.m */,
				56724DA91E6B62A9007F6C57 /* NSDictionary+SafeConvert.h */,
				56724DAA1E6B62A9007F6C57 /* NSDictionary+SafeConvert.m */,
			);
			name = Models;
			sourceTree = "<group>";
		};
		56724E011E6B9687007F6C57 /* DataStore */ = {
			isa = PBXGroup;
			children = (
				566F02AD1E6AC420009554E8 /* TMDDataStore.h */,
				566F02AE1E6AC420009554E8 /* TMDDataStore.m */,
			);
			name = DataStore;
			sourceTree = "<group>";
		};
		56724E021E6B9690007F6C57 /* NetworkService */ = {
			isa = PBXGroup;
			children = (
				566F02B01E6B4546009554E8 /* TMDNetworkService.h */,
				566F02B11E6B4546009554E8 /* TMDNetworkService.m */,
			);
			name = NetworkService;
			sourceTree = "<group>";
		};
		56724E031E6B96B5007F6C57 /* CategoryViewController */ = {
			isa = PBXGroup;
			children = (
				56724DFA1E6B951A007F6C57 /* TMDCategoryTableViewController.h */,
				56724DFB1E6B951A007F6C57 /* TMDCategoryTableViewController.m */,
				56724E061E6BEEF4007F6C57 /* TMDCategoryTableViewCell.h */,
				56724E071E6BEEF4007F6C57 /* TMDCategoryTableViewCell.m */,
			);
			name = CategoryViewController;
			sourceTree = "<group>";
		};
		56724E041E6B96D1007F6C57 /* ListingViewController */ = {
			isa = PBXGroup;
			children = (
				56724DFD1E6B956C007F6C57 /* TMDListingTableViewController.h */,
				56724DFE1E6B956C007F6C57 /* TMDListingTableViewController.m */,
				566556E51E6CD5A0009DC99A /* TMDListingTableViewCell.h */,
				566556E61E6CD5A0009DC99A /* TMDListingTableViewCell.m */,
			);
			name = ListingViewController;
			sourceTree = "<group>";
		};
		56B3603A1E6A7C86004E0126 = {
			isa = PBXGroup;
			children = (
				56B360451E6A7C86004E0126 /* TradeMeDisplay */,
				56B3605F1E6A7C86004E0126 /* TradeMeDisplayTests */,
				56B3606A1E6A7C86004E0126 /* TradeMeDisplayUITests */,
				56B360441E6A7C86004E0126 /* Products */,
				F1EB3FAF3EB9A2AD5B06A66F /* Pods */,
				446290CB377B7AA6EEBFA469 /* Frameworks */,
			);
			sourceTree = "<group>";
		};
		56B360441E6A7C86004E0126 /* Products */ = {
			isa = PBXGroup;
			children = (
				56B360431E6A7C86004E0126 /* TradeMeDisplay.app */,
				56B3605C1E6A7C86004E0126 /* TradeMeDisplayTests.xctest */,
				56B360671E6A7C86004E0126 /* TradeMeDisplayUITests.xctest */,
			);
			name = Products;
			sourceTree = "<group>";
		};
		56B360451E6A7C86004E0126 /* TradeMeDisplay */ = {
			isa = PBXGroup;
			children = (
				56724E031E6B96B5007F6C57 /* CategoryViewController */,
				56724E041E6B96D1007F6C57 /* ListingViewController */,
				566556EB1E6D188F009DC99A /* ListingDetailViewController */,
				56724E011E6B9687007F6C57 /* DataStore */,
				56724E021E6B9690007F6C57 /* NetworkService */,
				56724E001E6B967D007F6C57 /* Models */,
				56B360491E6A7C86004E0126 /* AppDelegate.h */,
				56B3604A1E6A7C86004E0126 /* AppDelegate.m */,
				56B3604F1E6A7C86004E0126 /* Main.storyboard */,
				56B360521E6A7C86004E0126 /* Assets.xcassets */,
				56B360461E6A7C86004E0126 /* Supporting Files */,
			);
			path = TradeMeDisplay;
			sourceTree = "<group>";
		};
		56B360461E6A7C86004E0126 /* Supporting Files */ = {
			isa = PBXGroup;
			children = (
				56B360541E6A7C86004E0126 /* LaunchScreen.storyboard */,
				56B360571E6A7C86004E0126 /* Info.plist */,
				56B360471E6A7C86004E0126 /* main.m */,
			);
			name = "Supporting Files";
			sourceTree = "<group>";
		};
		56B3605F1E6A7C86004E0126 /* TradeMeDisplayTests */ = {
			isa = PBXGroup;
			children = (
				56B360601E6A7C86004E0126 /* TradeMeDisplayTests.m */,
				56B360621E6A7C86004E0126 /* Info.plist */,
			);
			path = TradeMeDisplayTests;
			sourceTree = "<group>";
		};
		56B3606A1E6A7C86004E0126 /* TradeMeDisplayUITests */ = {
			isa = PBXGroup;
			children = (
				56B3606B1E6A7C86004E0126 /* TradeMeDisplayUITests.m */,
				56B3606D1E6A7C86004E0126 /* Info.plist */,
			);
			path = TradeMeDisplayUITests;
			sourceTree = "<group>";
		};
		F1EB3FAF3EB9A2AD5B06A66F /* Pods */ = {
			isa = PBXGroup;
			children = (
				9E06F3CB9DD52A1103052609 /* Pods-TradeMeDisplay.debug.xcconfig */,
				CD22BCC329CEA658FA73B938 /* Pods-TradeMeDisplay.release.xcconfig */,
			);
			name = Pods;
			sourceTree = "<group>";
		};
/* End PBXGroup section */

/* Begin PBXNativeTarget section */
		56B360421E6A7C86004E0126 /* TradeMeDisplay */ = {
			isa = PBXNativeTarget;
			buildConfigurationList = 56B360701E6A7C86004E0126 /* Build configuration list for PBXNativeTarget "TradeMeDisplay" */;
			buildPhases = (
				56BD1166978CADD38191D140 /* [CP] Check Pods Manifest.lock */,
				56B3603F1E6A7C86004E0126 /* Sources */,
				56B360401E6A7C86004E0126 /* Frameworks */,
				56B360411E6A7C86004E0126 /* Resources */,
				7E76C093ED97C5BB5379BEE2 /* [CP] Embed Pods Frameworks */,
				EA4BD8DF5FE7F6B0B7C73AAF /* [CP] Copy Pods Resources */,
			);
			buildRules = (
			);
			dependencies = (
			);
			name = TradeMeDisplay;
			productName = TradeMeDisplay;
			productReference = 56B360431E6A7C86004E0126 /* TradeMeDisplay.app */;
			productType = "com.apple.product-type.application";
		};
		56B3605B1E6A7C86004E0126 /* TradeMeDisplayTests */ = {
			isa = PBXNativeTarget;
			buildConfigurationList = 56B360731E6A7C86004E0126 /* Build configuration list for PBXNativeTarget "TradeMeDisplayTests" */;
			buildPhases = (
				56B360581E6A7C86004E0126 /* Sources */,
				56B360591E6A7C86004E0126 /* Frameworks */,
				56B3605A1E6A7C86004E0126 /* Resources */,
			);
			buildRules = (
			);
			dependencies = (
				56B3605E1E6A7C86004E0126 /* PBXTargetDependency */,
			);
			name = TradeMeDisplayTests;
			productName = TradeMeDisplayTests;
			productReference = 56B3605C1E6A7C86004E0126 /* TradeMeDisplayTests.xctest */;
			productType = "com.apple.product-type.bundle.unit-test";
		};
		56B360661E6A7C86004E0126 /* TradeMeDisplayUITests */ = {
			isa = PBXNativeTarget;
			buildConfigurationList = 56B360761E6A7C86004E0126 /* Build configuration list for PBXNativeTarget "TradeMeDisplayUITests" */;
			buildPhases = (
				56B360631E6A7C86004E0126 /* Sources */,
				56B360641E6A7C86004E0126 /* Frameworks */,
				56B360651E6A7C86004E0126 /* Resources */,
			);
			buildRules = (
			);
			dependencies = (
				56B360691E6A7C86004E0126 /* PBXTargetDependency */,
			);
			name = TradeMeDisplayUITests;
			productName = TradeMeDisplayUITests;
			productReference = 56B360671E6A7C86004E0126 /* TradeMeDisplayUITests.xctest */;
			productType = "com.apple.product-type.bundle.ui-testing";
		};
/* End PBXNativeTarget section */

/* Begin PBXProject section */
		56B3603B1E6A7C86004E0126 /* Project object */ = {
			isa = PBXProject;
			attributes = {
				LastUpgradeCheck = 0820;
				ORGANIZATIONNAME = Charles;
				TargetAttributes = {
					56B360421E6A7C86004E0126 = {
						CreatedOnToolsVersion = 8.2.1;
						DevelopmentTeam = 35B2KE884X;
						ProvisioningStyle = Automatic;
					};
					56B3605B1E6A7C86004E0126 = {
						CreatedOnToolsVersion = 8.2.1;
						ProvisioningStyle = Automatic;
						TestTargetID = 56B360421E6A7C86004E0126;
					};
					56B360661E6A7C86004E0126 = {
						CreatedOnToolsVersion = 8.2.1;
						ProvisioningStyle = Automatic;
						TestTargetID = 56B360421E6A7C86004E0126;
					};
				};
			};
			buildConfigurationList = 56B3603E1E6A7C86004E0126 /* Build configuration list for PBXProject "TradeMeDisplay" */;
			compatibilityVersion = "Xcode 3.2";
			developmentRegion = English;
			hasScannedForEncodings = 0;
			knownRegions = (
				en,
				Base,
			);
			mainGroup = 56B3603A1E6A7C86004E0126;
			productRefGroup = 56B360441E6A7C86004E0126 /* Products */;
			projectDirPath = "";
			projectRoot = "";
			targets = (
				56B360421E6A7C86004E0126 /* TradeMeDisplay */,
				56B3605B1E6A7C86004E0126 /* TradeMeDisplayTests */,
				56B360661E6A7C86004E0126 /* TradeMeDisplayUITests */,
			);
		};
/* End PBXProject section */

/* Begin PBXResourcesBuildPhase section */
		56B360411E6A7C86004E0126 /* Resources */ = {
			isa = PBXResourcesBuildPhase;
			buildActionMask = 2147483647;
			files = (
				56B360561E6A7C86004E0126 /* LaunchScreen.storyboard in Resources */,
				56B360531E6A7C86004E0126 /* Assets.xcassets in Resources */,
				56B360511E6A7C86004E0126 /* Main.storyboard in Resources */,
			);
			runOnlyForDeploymentPostprocessing = 0;
		};
		56B3605A1E6A7C86004E0126 /* Resources */ = {
			isa = PBXResourcesBuildPhase;
			buildActionMask = 2147483647;
			files = (
			);
			runOnlyForDeploymentPostprocessing = 0;
		};
		56B360651E6A7C86004E0126 /* Resources */ = {
			isa = PBXResourcesBuildPhase;
			buildActionMask = 2147483647;
			files = (
			);
			runOnlyForDeploymentPostprocessing = 0;
		};
/* End PBXResourcesBuildPhase section */

/* Begin PBXShellScriptBuildPhase section */
		56BD1166978CADD38191D140 /* [CP] Check Pods Manifest.lock */ = {
			isa = PBXShellScriptBuildPhase;
			buildActionMask = 2147483647;
			files = (
			);
			inputPaths = (
			);
			name = "[CP] Check Pods Manifest.lock";
			outputPaths = (
			);
			runOnlyForDeploymentPostprocessing = 0;
			shellPath = /bin/sh;
			shellScript = "diff \"${PODS_ROOT}/../Podfile.lock\" \"${PODS_ROOT}/Manifest.lock\" > /dev/null\nif [ $? != 0 ] ; then\n    # print error to STDERR\n    echo \"error: The sandbox is not in sync with the Podfile.lock. Run 'pod install' or update your CocoaPods installation.\" >&2\n    exit 1\nfi\n";
			showEnvVarsInLog = 0;
		};
		7E76C093ED97C5BB5379BEE2 /* [CP] Embed Pods Frameworks */ = {
			isa = PBXShellScriptBuildPhase;
			buildActionMask = 2147483647;
			files = (
			);
			inputPaths = (
			);
			name = "[CP] Embed Pods Frameworks";
			outputPaths = (
			);
			runOnlyForDeploymentPostprocessing = 0;
			shellPath = /bin/sh;
			shellScript = "\"${SRCROOT}/Pods/Target Support Files/Pods-TradeMeDisplay/Pods-TradeMeDisplay-frameworks.sh\"\n";
			showEnvVarsInLog = 0;
		};
		EA4BD8DF5FE7F6B0B7C73AAF /* [CP] Copy Pods Resources */ = {
			isa = PBXShellScriptBuildPhase;
			buildActionMask = 2147483647;
			files = (
			);
			inputPaths = (
			);
			name = "[CP] Copy Pods Resources";
			outputPaths = (
			);
			runOnlyForDeploymentPostprocessing = 0;
			shellPath = /bin/sh;
			shellScript = "\"${SRCROOT}/Pods/Target Support Files/Pods-TradeMeDisplay/Pods-TradeMeDisplay-resources.sh\"\n";
			showEnvVarsInLog = 0;
		};
/* End PBXShellScriptBuildPhase section */

/* Begin PBXSourcesBuildPhase section */
		56B3603F1E6A7C86004E0126 /* Sources */ = {
			isa = PBXSourcesBuildPhase;
			buildActionMask = 2147483647;
			files = (
				56724DFF1E6B956C007F6C57 /* TMDListingTableViewController.m in Sources */,
				56724DFC1E6B951A007F6C57 /* TMDCategoryTableViewController.m in Sources */,
				566556E71E6CD5A0009DC99A /* TMDListingTableViewCell.m in Sources */,
				566F02AF1E6AC420009554E8 /* TMDDataStore.m in Sources */,
				56724DAE1E6B6304007F6C57 /* TMDCategory.m in Sources */,
				566556EE1E6D1AED009DC99A /* TMDListingDetailImageCell.m in Sources */,
				566556E11E6CAEE1009DC99A /* TMDListing.m in Sources */,
				566556F11E6D1CE5009DC99A /* TMDListedItemDetail.m in Sources */,
				566556EA1E6D1888009DC99A /* TMDLisingDetailTableViewController.m in Sources */,
				566556E41E6CC9E5009DC99A /* TMDSearchResult.m in Sources */,
				566F02B21E6B4546009554E8 /* TMDNetworkService.m in Sources */,
				56724DAB1E6B62A9007F6C57 /* NSDictionary+SafeConvert.m in Sources */,
				56724E081E6BEEF4007F6C57 /* TMDCategoryTableViewCell.m in Sources */,
				56B3604B1E6A7C86004E0126 /* AppDelegate.m in Sources */,
				56B360481E6A7C86004E0126 /* main.m in Sources */,
			);
			runOnlyForDeploymentPostprocessing = 0;
		};
		56B360581E6A7C86004E0126 /* Sources */ = {
			isa = PBXSourcesBuildPhase;
			buildActionMask = 2147483647;
			files = (
				56B360611E6A7C86004E0126 /* TradeMeDisplayTests.m in Sources */,
			);
			runOnlyForDeploymentPostprocessing = 0;
		};
		56B360631E6A7C86004E0126 /* Sources */ = {
			isa = PBXSourcesBuildPhase;
			buildActionMask = 2147483647;
			files = (
				56B3606C1E6A7C86004E0126 /* TradeMeDisplayUITests.m in Sources */,
			);
			runOnlyForDeploymentPostprocessing = 0;
		};
/* End PBXSourcesBuildPhase section */

/* Begin PBXTargetDependency section */
		56B3605E1E6A7C86004E0126 /* PBXTargetDependency */ = {
			isa = PBXTargetDependency;
			target = 56B360421E6A7C86004E0126 /* TradeMeDisplay */;
			targetProxy = 56B3605D1E6A7C86004E0126 /* PBXContainerItemProxy */;
		};
		56B360691E6A7C86004E0126 /* PBXTargetDependency */ = {
			isa = PBXTargetDependency;
			target = 56B360421E6A7C86004E0126 /* TradeMeDisplay */;
			targetProxy = 56B360681E6A7C86004E0126 /* PBXContainerItemProxy */;
		};
/* End PBXTargetDependency section */

/* Begin PBXVariantGroup section */
		56B3604F1E6A7C86004E0126 /* Main.storyboard */ = {
			isa = PBXVariantGroup;
			children = (
				56B360501E6A7C86004E0126 /* Base */,
			);
			name = Main.storyboard;
			sourceTree = "<group>";
		};
		56B360541E6A7C86004E0126 /* LaunchScreen.storyboard */ = {
			isa = PBXVariantGroup;
			children = (
				56B360551E6A7C86004E0126 /* Base */,
			);
			name = LaunchScreen.storyboard;
			sourceTree = "<group>";
		};
/* End PBXVariantGroup section */

/* Begin XCBuildConfiguration section */
		56B3606E1E6A7C86004E0126 /* Debug */ = {
			isa = XCBuildConfiguration;
			buildSettings = {
				ALWAYS_SEARCH_USER_PATHS = NO;
				CLANG_ANALYZER_NONNULL = YES;
				CLANG_CXX_LANGUAGE_STANDARD = "gnu++0x";
				CLANG_CXX_LIBRARY = "libc++";
				CLANG_ENABLE_MODULES = YES;
				CLANG_ENABLE_OBJC_ARC = YES;
				CLANG_WARN_BOOL_CONVERSION = YES;
				CLANG_WARN_CONSTANT_CONVERSION = YES;
				CLANG_WARN_DIRECT_OBJC_ISA_USAGE = YES_ERROR;
				CLANG_WARN_DOCUMENTATION_COMMENTS = YES;
				CLANG_WARN_EMPTY_BODY = YES;
				CLANG_WARN_ENUM_CONVERSION = YES;
				CLANG_WARN_INFINITE_RECURSION = YES;
				CLANG_WARN_INT_CONVERSION = YES;
				CLANG_WARN_OBJC_ROOT_CLASS = YES_ERROR;
				CLANG_WARN_SUSPICIOUS_MOVE = YES;
				CLANG_WARN_UNREACHABLE_CODE = YES;
				CLANG_WARN__DUPLICATE_METHOD_MATCH = YES;
				"CODE_SIGN_IDENTITY[sdk=iphoneos*]" = "iPhone Developer";
				COPY_PHASE_STRIP = NO;
				DEBUG_INFORMATION_FORMAT = dwarf;
				ENABLE_STRICT_OBJC_MSGSEND = YES;
				ENABLE_TESTABILITY = YES;
				GCC_C_LANGUAGE_STANDARD = gnu99;
				GCC_DYNAMIC_NO_PIC = NO;
				GCC_NO_COMMON_BLOCKS = YES;
				GCC_OPTIMIZATION_LEVEL = 0;
				GCC_PREPROCESSOR_DEFINITIONS = (
					"DEBUG=1",
					"$(inherited)",
				);
				GCC_WARN_64_TO_32_BIT_CONVERSION = YES;
				GCC_WARN_ABOUT_RETURN_TYPE = YES_ERROR;
				GCC_WARN_UNDECLARED_SELECTOR = YES;
				GCC_WARN_UNINITIALIZED_AUTOS = YES_AGGRESSIVE;
				GCC_WARN_UNUSED_FUNCTION = YES;
				GCC_WARN_UNUSED_VARIABLE = YES;
				IPHONEOS_DEPLOYMENT_TARGET = 10.2;
				MTL_ENABLE_DEBUG_INFO = YES;
				ONLY_ACTIVE_ARCH = YES;
				SDKROOT = iphoneos;
				TARGETED_DEVICE_FAMILY = "1,2";
			};
			name = Debug;
		};
		56B3606F1E6A7C86004E0126 /* Release */ = {
			isa = XCBuildConfiguration;
			buildSettings = {
				ALWAYS_SEARCH_USER_PATHS = NO;
				CLANG_ANALYZER_NONNULL = YES;
				CLANG_CXX_LANGUAGE_STANDARD = "gnu++0x";
				CLANG_CXX_LIBRARY = "libc++";
				CLANG_ENABLE_MODULES = YES;
				CLANG_ENABLE_OBJC_ARC = YES;
				CLANG_WARN_BOOL_CONVERSION = YES;
				CLANG_WARN_CONSTANT_CONVERSION = YES;
				CLANG_WARN_DIRECT_OBJC_ISA_USAGE = YES_ERROR;
				CLANG_WARN_DOCUMENTATION_COMMENTS = YES;
				CLANG_WARN_EMPTY_BODY = YES;
				CLANG_WARN_ENUM_CONVERSION = YES;
				CLANG_WARN_INFINITE_RECURSION = YES;
				CLANG_WARN_INT_CONVERSION = YES;
				CLANG_WARN_OBJC_ROOT_CLASS = YES_ERROR;
				CLANG_WARN_SUSPICIOUS_MOVE = YES;
				CLANG_WARN_UNREACHABLE_CODE = YES;
				CLANG_WARN__DUPLICATE_METHOD_MATCH = YES;
				"CODE_SIGN_IDENTITY[sdk=iphoneos*]" = "iPhone Developer";
				COPY_PHASE_STRIP = NO;
				DEBUG_INFORMATION_FORMAT = "dwarf-with-dsym";
				ENABLE_NS_ASSERTIONS = NO;
				ENABLE_STRICT_OBJC_MSGSEND = YES;
				GCC_C_LANGUAGE_STANDARD = gnu99;
				GCC_NO_COMMON_BLOCKS = YES;
				GCC_WARN_64_TO_32_BIT_CONVERSION = YES;
				GCC_WARN_ABOUT_RETURN_TYPE = YES_ERROR;
				GCC_WARN_UNDECLARED_SELECTOR = YES;
				GCC_WARN_UNINITIALIZED_AUTOS = YES_AGGRESSIVE;
				GCC_WARN_UNUSED_FUNCTION = YES;
				GCC_WARN_UNUSED_VARIABLE = YES;
				IPHONEOS_DEPLOYMENT_TARGET = 10.2;
				MTL_ENABLE_DEBUG_INFO = NO;
				SDKROOT = iphoneos;
				TARGETED_DEVICE_FAMILY = "1,2";
				VALIDATE_PRODUCT = YES;
			};
			name = Release;
		};
		56B360711E6A7C86004E0126 /* Debug */ = {
			isa = XCBuildConfiguration;
			baseConfigurationReference = 9E06F3CB9DD52A1103052609 /* Pods-TradeMeDisplay.debug.xcconfig */;
			buildSettings = {
				ASSETCATALOG_COMPILER_APPICON_NAME = AppIcon;
				DEVELOPMENT_TEAM = 35B2KE884X;
				INFOPLIST_FILE = TradeMeDisplay/Info.plist;
				LD_RUNPATH_SEARCH_PATHS = "$(inherited) @executable_path/Frameworks";
				PRODUCT_BUNDLE_IDENTIFIER = Charles.TradeMeDisplay;
				PRODUCT_NAME = "$(TARGET_NAME)";
			};
			name = Debug;
		};
		56B360721E6A7C86004E0126 /* Release */ = {
			isa = XCBuildConfiguration;
			baseConfigurationReference = CD22BCC329CEA658FA73B938 /* Pods-TradeMeDisplay.release.xcconfig */;
			buildSettings = {
				ASSETCATALOG_COMPILER_APPICON_NAME = AppIcon;
				DEVELOPMENT_TEAM = 35B2KE884X;
				INFOPLIST_FILE = TradeMeDisplay/Info.plist;
				LD_RUNPATH_SEARCH_PATHS = "$(inherited) @executable_path/Frameworks";
				PRODUCT_BUNDLE_IDENTIFIER = Charles.TradeMeDisplay;
				PRODUCT_NAME = "$(TARGET_NAME)";
			};
			name = Release;
		};
		56B360741E6A7C86004E0126 /* Debug */ = {
			isa = XCBuildConfiguration;
			buildSettings = {
				BUNDLE_LOADER = "$(TEST_HOST)";
				INFOPLIST_FILE = TradeMeDisplayTests/Info.plist;
				LD_RUNPATH_SEARCH_PATHS = "$(inherited) @executable_path/Frameworks @loader_path/Frameworks";
				PRODUCT_BUNDLE_IDENTIFIER = Charles.TradeMeDisplayTests;
				PRODUCT_NAME = "$(TARGET_NAME)";
				TEST_HOST = "$(BUILT_PRODUCTS_DIR)/TradeMeDisplay.app/TradeMeDisplay";
			};
			name = Debug;
		};
		56B360751E6A7C86004E0126 /* Release */ = {
			isa = XCBuildConfiguration;
			buildSettings = {
				BUNDLE_LOADER = "$(TEST_HOST)";
				INFOPLIST_FILE = TradeMeDisplayTests/Info.plist;
				LD_RUNPATH_SEARCH_PATHS = "$(inherited) @executable_path/Frameworks @loader_path/Frameworks";
				PRODUCT_BUNDLE_IDENTIFIER = Charles.TradeMeDisplayTests;
				PRODUCT_NAME = "$(TARGET_NAME)";
				TEST_HOST = "$(BUILT_PRODUCTS_DIR)/TradeMeDisplay.app/TradeMeDisplay";
			};
			name = Release;
		};
		56B360771E6A7C86004E0126 /* Debug */ = {
			isa = XCBuildConfiguration;
			buildSettings = {
				INFOPLIST_FILE = TradeMeDisplayUITests/Info.plist;
				LD_RUNPATH_SEARCH_PATHS = "$(inherited) @executable_path/Frameworks @loader_path/Frameworks";
				PRODUCT_BUNDLE_IDENTIFIER = Charles.TradeMeDisplayUITests;
				PRODUCT_NAME = "$(TARGET_NAME)";
				TEST_TARGET_NAME = TradeMeDisplay;
			};
			name = Debug;
		};
		56B360781E6A7C86004E0126 /* Release */ = {
			isa = XCBuildConfiguration;
			buildSettings = {
				INFOPLIST_FILE = TradeMeDisplayUITests/Info.plist;
				LD_RUNPATH_SEARCH_PATHS = "$(inherited) @executable_path/Frameworks @loader_path/Frameworks";
				PRODUCT_BUNDLE_IDENTIFIER = Charles.TradeMeDisplayUITests;
				PRODUCT_NAME = "$(TARGET_NAME)";
				TEST_TARGET_NAME = TradeMeDisplay;
			};
			name = Release;
		};
/* End XCBuildConfiguration section */

/* Begin XCConfigurationList section */
		56B3603E1E6A7C86004E0126 /* Build configuration list for PBXProject "TradeMeDisplay" */ = {
			isa = XCConfigurationList;
			buildConfigurations = (
				56B3606E1E6A7C86004E0126 /* Debug */,
				56B3606F1E6A7C86004E0126 /* Release */,
			);
			defaultConfigurationIsVisible = 0;
			defaultConfigurationName = Release;
		};
		56B360701E6A7C86004E0126 /* Build configuration list for PBXNativeTarget "TradeMeDisplay" */ = {
			isa = XCConfigurationList;
			buildConfigurations = (
				56B360711E6A7C86004E0126 /* Debug */,
				56B360721E6A7C86004E0126 /* Release */,
			);
			defaultConfigurationIsVisible = 0;
			defaultConfigurationName = Release;
		};
		56B360731E6A7C86004E0126 /* Build configuration list for PBXNativeTarget "TradeMeDisplayTests" */ = {
			isa = XCConfigurationList;
			buildConfigurations = (
				56B360741E6A7C86004E0126 /* Debug */,
				56B360751E6A7C86004E0126 /* Release */,
			);
			defaultConfigurationIsVisible = 0;
			defaultConfigurationName = Release;
		};
		56B360761E6A7C86004E0126 /* Build configuration list for PBXNativeTarget "TradeMeDisplayUITests" */ = {
			isa = XCConfigurationList;
			buildConfigurations = (
				56B360771E6A7C86004E0126 /* Debug */,
				56B360781E6A7C86004E0126 /* Release */,
			);
			defaultConfigurationIsVisible = 0;
			defaultConfigurationName = Release;
		};
/* End XCConfigurationList section */
	};
	rootObject = 56B3603B1E6A7C86004E0126 /* Project object */;
}
